
Microsoft Visual Studio Solution File, Format Version 12.00
# Visual Studio 2012
Project("{FAE04EC0-301F-11D3-BF4B-00C04F79EFBC}") = "teste1", "teste1.csproj", "{601368F8-A4A0-457E-813C-F0225757CA0B}"
EndProject
Global
	GlobalSection(SolutionConfigurationPlatforms) = preSolution
		Debug|Any CPU = Debug|Any CPU
		Release|Any CPU = Release|Any CPU
	EndGlobalSection
	GlobalSection(ProjectConfigurationPlatforms) = postSolution
		{601368F8-A4A0-457E-813C-F0225757CA0B}.Debug|Any CPU.ActiveCfg = Debug|Any CPU
		{601368F8-A4A0-457E-813C-F0225757CA0B}.Debug|Any CPU.Build.0 = Debug|Any CPU
		{601368F8-A4A0-457E-813C-F0225757CA0B}.Release|Any CPU.ActiveCfg = Release|Any CPU
		{601368F8-A4A0-457E-813C-F0225757CA0B}.Release|Any CPU.Build.0 = Release|Any CPU
	EndGlobalSection
EndGlobal
